
Microsoft Visual Studio Solution File, Format Version 12.00
Project("{FAE04EC0-301F-11D3-BF4B-00C04F79EFBC}") = "PBSW_Exam_GUI", "PBSW_Exam_GUI\PBSW_Exam_GUI.csproj", "{251CBC53-3A5B-4B22-8C77-4BB9383B5611}"
EndProject
Project("{FAE04EC0-301F-11D3-BF4B-00C04F79EFBC}") = "Messaging", "Messaging\Messaging.csproj", "{FBF8C622-B8DE-4B2F-9456-355ECB978D55}"
EndProject
Project("{FAE04EC0-301F-11D3-BF4B-00C04F79EFBC}") = "UserService", "UserService\UserService.csproj", "{8C9B82D2-EFF9-433B-959D-A1CA3160BBD0}"
EndProject
Project("{FAE04EC0-301F-11D3-BF4B-00C04F79EFBC}") = "APIGateway", "APIGateway\APIGateway.csproj", "{AC1D1450-E186-4BBF-93A9-154CF25A1E00}"
EndProject
Project("{FAE04EC0-301F-11D3-BF4B-00C04F79EFBC}") = "AuthorisationService", "AuthorisationService\AuthorisationService.csproj", "{FB3B1E07-3819-4636-829D-A0740CD095C2}"
EndProject
Project("{FAE04EC0-301F-11D3-BF4B-00C04F79EFBC}") = "Monitoring", "Monitoring\Monitoring.csproj", "{29984B6D-A89B-4921-A597-800708138EB5}"
EndProject
Project("{2150E333-8FDC-42A3-9474-1A3956D46DE8}") = "Solution Items", "Solution Items", "{02BCF182-CAF7-426D-A61A-2B14B3B933E1}"
	ProjectSection(SolutionItems) = preProject
		docker-compose.yml = docker-compose.yml
	EndProjectSection
EndProject
Global
	GlobalSection(SolutionConfigurationPlatforms) = preSolution
		Debug|Any CPU = Debug|Any CPU
		Release|Any CPU = Release|Any CPU
	EndGlobalSection
	GlobalSection(ProjectConfigurationPlatforms) = postSolution
								{251CBC53-3A5B-4B22-8C77-4BB9383B5611}.Debug|Any CPU.ActiveCfg = Debug|Any CPU
								{251CBC53-3A5B-4B22-8C77-4BB9383B5611}.Debug|Any CPU.Build.0 = Debug|Any CPU
								{251CBC53-3A5B-4B22-8C77-4BB9383B5611}.Release|Any CPU.ActiveCfg = Release|Any CPU
								{251CBC53-3A5B-4B22-8C77-4BB9383B5611}.Release|Any CPU.Build.0 = Release|Any CPU
								{FBF8C622-B8DE-4B2F-9456-355ECB978D55}.Debug|Any CPU.ActiveCfg = Debug|Any CPU
								{FBF8C622-B8DE-4B2F-9456-355ECB978D55}.Debug|Any CPU.Build.0 = Debug|Any CPU
								{FBF8C622-B8DE-4B2F-9456-355ECB978D55}.Release|Any CPU.ActiveCfg = Release|Any CPU
								{FBF8C622-B8DE-4B2F-9456-355ECB978D55}.Release|Any CPU.Build.0 = Release|Any CPU
								{8C9B82D2-EFF9-433B-959D-A1CA3160BBD0}.Debug|Any CPU.ActiveCfg = Debug|Any CPU
								{8C9B82D2-EFF9-433B-959D-A1CA3160BBD0}.Debug|Any CPU.Build.0 = Debug|Any CPU
								{8C9B82D2-EFF9-433B-959D-A1CA3160BBD0}.Release|Any CPU.ActiveCfg = Release|Any CPU
								{8C9B82D2-EFF9-433B-959D-A1CA3160BBD0}.Release|Any CPU.Build.0 = Release|Any CPU
								{AC1D1450-E186-4BBF-93A9-154CF25A1E00}.Debug|Any CPU.ActiveCfg = Debug|Any CPU
								{AC1D1450-E186-4BBF-93A9-154CF25A1E00}.Debug|Any CPU.Build.0 = Debug|Any CPU
								{AC1D1450-E186-4BBF-93A9-154CF25A1E00}.Release|Any CPU.ActiveCfg = Release|Any CPU
								{AC1D1450-E186-4BBF-93A9-154CF25A1E00}.Release|Any CPU.Build.0 = Release|Any CPU
								{FB3B1E07-3819-4636-829D-A0740CD095C2}.Debug|Any CPU.ActiveCfg = Debug|Any CPU
								{FB3B1E07-3819-4636-829D-A0740CD095C2}.Debug|Any CPU.Build.0 = Debug|Any CPU
								{FB3B1E07-3819-4636-829D-A0740CD095C2}.Release|Any CPU.ActiveCfg = Release|Any CPU
								{FB3B1E07-3819-4636-829D-A0740CD095C2}.Release|Any CPU.Build.0 = Release|Any CPU
								{29984B6D-A89B-4921-A597-800708138EB5}.Debug|Any CPU.ActiveCfg = Debug|Any CPU
								{29984B6D-A89B-4921-A597-800708138EB5}.Debug|Any CPU.Build.0 = Debug|Any CPU
								{29984B6D-A89B-4921-A597-800708138EB5}.Release|Any CPU.ActiveCfg = Release|Any CPU
								{29984B6D-A89B-4921-A597-800708138EB5}.Release|Any CPU.Build.0 = Release|Any CPU
	EndGlobalSection
EndGlobal
