
Microsoft Visual Studio Solution File, Format Version 12.00
Project("{FAE04EC0-301F-11D3-BF4B-00C04F79EFBC}") = "PBSW_Exam_GUI", "PBSW_Exam_GUI\PBSW_Exam_GUI.csproj", "{251CBC53-3A5B-4B22-8C77-4BB9383B5611}"
EndProject
Project("{FAE04EC0-301F-11D3-BF4B-00C04F79EFBC}") = "ClickerGameApi", "ClickerGameApi\ClickerGameApi.csproj", "{62210302-F985-4DD3-B23C-BB56D4CC272E}"
EndProject
Global
	GlobalSection(SolutionConfigurationPlatforms) = preSolution
		Debug|Any CPU = Debug|Any CPU
		Release|Any CPU = Release|Any CPU
	EndGlobalSection
	GlobalSection(ProjectConfigurationPlatforms) = postSolution
		{251CBC53-3A5B-4B22-8C77-4BB9383B5611}.Debug|Any CPU.ActiveCfg = Debug|Any CPU
		{251CBC53-3A5B-4B22-8C77-4BB9383B5611}.Debug|Any CPU.Build.0 = Debug|Any CPU
		{251CBC53-3A5B-4B22-8C77-4BB9383B5611}.Release|Any CPU.ActiveCfg = Release|Any CPU
		{251CBC53-3A5B-4B22-8C77-4BB9383B5611}.Release|Any CPU.Build.0 = Release|Any CPU
		{62210302-F985-4DD3-B23C-BB56D4CC272E}.Debug|Any CPU.ActiveCfg = Debug|Any CPU
		{62210302-F985-4DD3-B23C-BB56D4CC272E}.Debug|Any CPU.Build.0 = Debug|Any CPU
		{62210302-F985-4DD3-B23C-BB56D4CC272E}.Release|Any CPU.ActiveCfg = Release|Any CPU
		{62210302-F985-4DD3-B23C-BB56D4CC272E}.Release|Any CPU.Build.0 = Release|Any CPU
	EndGlobalSection
EndGlobal
